Microsoft Visual Studio Solution File, Format Version 11.00
# Visual Studio 2008

Project("{BD85A506-1C03-3315-B97A-B43FD4E92310}") = "RootDependencyProject", "Assembly-CSharp.csproj", "{E0FB2027-8014-FCD7-A7B5-F1507E1E3EF9}"
EndProject
Project("{BD85A506-1C03-3315-B97A-B43FD4E92310}") = "RootDependencyProject", "Assembly-CSharp-Editor.csproj", "{F807AA9B-1031-CE0F-D927-E48390CBF68D}"
EndProject
Global
	GlobalSection(SolutionConfigurationPlatforms) = preSolution
		Debug|Any CPU = Debug|Any CPU
		Release|Any CPU = Release|Any CPU
	EndGlobalSection
	GlobalSection(ProjectConfigurationPlatforms) = postSolution
		{E0FB2027-8014-FCD7-A7B5-F1507E1E3EF9}.Debug|Any CPU.ActiveCfg = Debug|Any CPU
		{E0FB2027-8014-FCD7-A7B5-F1507E1E3EF9}.Debug|Any CPU.Build.0 = Debug|Any CPU
		{E0FB2027-8014-FCD7-A7B5-F1507E1E3EF9}.Release|Any CPU.ActiveCfg = Release|Any CPU
		{E0FB2027-8014-FCD7-A7B5-F1507E1E3EF9}.Release|Any CPU.Build.0 = Release|Any CPU
		{F807AA9B-1031-CE0F-D927-E48390CBF68D}.Debug|Any CPU.ActiveCfg = Debug|Any CPU
		{F807AA9B-1031-CE0F-D927-E48390CBF68D}.Debug|Any CPU.Build.0 = Debug|Any CPU
		{F807AA9B-1031-CE0F-D927-E48390CBF68D}.Release|Any CPU.ActiveCfg = Release|Any CPU
		{F807AA9B-1031-CE0F-D927-E48390CBF68D}.Release|Any CPU.Build.0 = Release|Any CPU
	EndGlobalSection
	GlobalSection(SolutionProperties) = preSolution
		HideSolutionNode = FALSE
	EndGlobalSection
																																																																											GlobalSection(MonoDevelopProperties) = preSolution
		StartupItem = Assembly-CSharp.csproj
		Policies = $0
		$0.TextStylePolicy = $1
		$1.inheritsSet = null
		$1.scope = text/x-csharp
		$0.CSharpFormattingPolicy = $2
		$2.inheritsSet = Mono
		$2.inheritsScope = text/x-csharp
		$2.scope = text/x-csharp
		$0.TextStylePolicy = $3
		$3.FileWidth = 120
		$3.TabWidth = 4
		$3.EolMarker = Unix
		$3.inheritsSet = Mono
		$3.inheritsScope = text/plain
		$3.scope = text/plain
	EndGlobalSection

EndGlobal
